
Microsoft Visual Studio Solution File, Format Version 12.00
# Visual Studio Version 16
VisualStudioVersion = 25.0.1706.12
MinimumVisualStudioVersion = 10.0.40219.1
Project("{FAE04EC0-301F-11D3-BF4B-00C04F79EFBC}") = "Grade Calculator", "Grade Calculator\Grade Calculator.csproj", "{E6D9305D-55BD-4D2D-AD1C-24974EAC596D}"
EndProject
Project("{FAE04EC0-301F-11D3-BF4B-00C04F79EFBC}") = "Ticket Price Calculator", "Ticket Price Calculator\Ticket Price Calculator.csproj", "{56863BD4-4E53-4697-B6D0-1FBAF5680E75}"
EndProject
Project("{FAE04EC0-301F-11D3-BF4B-00C04F79EFBC}") = "Triangle Type Identifier", "Triangle Type Identifier\Triangle Type Identifier.csproj", "{ECB5B966-28CD-4D0C-B003-22A28D02BCA6}"
EndProject
Global
	GlobalSection(SolutionConfigurationPlatforms) = preSolution
		Debug|Any CPU = Debug|Any CPU
		Release|Any CPU = Release|Any CPU
	EndGlobalSection
	GlobalSection(ProjectConfigurationPlatforms) = postSolution
		{E6D9305D-55BD-4D2D-AD1C-24974EAC596D}.Debug|Any CPU.ActiveCfg = Debug|Any CPU
		{E6D9305D-55BD-4D2D-AD1C-24974EAC596D}.Debug|Any CPU.Build.0 = Debug|Any CPU
		{E6D9305D-55BD-4D2D-AD1C-24974EAC596D}.Release|Any CPU.ActiveCfg = Release|Any CPU
		{E6D9305D-55BD-4D2D-AD1C-24974EAC596D}.Release|Any CPU.Build.0 = Release|Any CPU
		{56863BD4-4E53-4697-B6D0-1FBAF5680E75}.Debug|Any CPU.ActiveCfg = Debug|Any CPU
		{56863BD4-4E53-4697-B6D0-1FBAF5680E75}.Debug|Any CPU.Build.0 = Debug|Any CPU
		{56863BD4-4E53-4697-B6D0-1FBAF5680E75}.Release|Any CPU.ActiveCfg = Release|Any CPU
		{56863BD4-4E53-4697-B6D0-1FBAF5680E75}.Release|Any CPU.Build.0 = Release|Any CPU
		{ECB5B966-28CD-4D0C-B003-22A28D02BCA6}.Debug|Any CPU.ActiveCfg = Debug|Any CPU
		{ECB5B966-28CD-4D0C-B003-22A28D02BCA6}.Debug|Any CPU.Build.0 = Debug|Any CPU
		{ECB5B966-28CD-4D0C-B003-22A28D02BCA6}.Release|Any CPU.ActiveCfg = Release|Any CPU
		{ECB5B966-28CD-4D0C-B003-22A28D02BCA6}.Release|Any CPU.Build.0 = Release|Any CPU
	EndGlobalSection
	GlobalSection(SolutionProperties) = preSolution
		HideSolutionNode = FALSE
	EndGlobalSection
	GlobalSection(ExtensibilityGlobals) = postSolution
		SolutionGuid = {A8D9EC37-AB0D-4A71-9E50-7A5746DB3EB3}
	EndGlobalSection
EndGlobal
